
Microsoft Visual Studio Solution File, Format Version 12.00
# Visual Studio Version 16
VisualStudioVersion = 16.0.31410.223
MinimumVisualStudioVersion = 10.0.40219.1
Project("{FAE04EC0-301F-11D3-BF4B-00C04F79EFBC}") = "PageByPage", "PageByPage\PageByPage.csproj", "{B214CCF7-FE2B-4F1D-BBD3-72184839D5C5}"
EndProject
Global
	GlobalSection(SolutionConfigurationPlatforms) = preSolution
		Debug|Any CPU = Debug|Any CPU
		Release|Any CPU = Release|Any CPU
	EndGlobalSection
	GlobalSection(ProjectConfigurationPlatforms) = postSolution
		{B214CCF7-FE2B-4F1D-BBD3-72184839D5C5}.Debug|Any CPU.ActiveCfg = Debug|Any CPU
		{B214CCF7-FE2B-4F1D-BBD3-72184839D5C5}.Debug|Any CPU.Build.0 = Debug|Any CPU
		{B214CCF7-FE2B-4F1D-BBD3-72184839D5C5}.Release|Any CPU.ActiveCfg = Release|Any CPU
		{B214CCF7-FE2B-4F1D-BBD3-72184839D5C5}.Release|Any CPU.Build.0 = Release|Any CPU
	EndGlobalSection
	GlobalSection(SolutionProperties) = preSolution
		HideSolutionNode = FALSE
	EndGlobalSection
	GlobalSection(ExtensibilityGlobals) = postSolution
		SolutionGuid = {2E14741D-B534-4555-9165-2EC3E24A3E3C}
	EndGlobalSection
EndGlobal
