
Microsoft Visual Studio Solution File, Format Version 12.00
# Visual Studio Version 16
VisualStudioVersion = 16.0.31410.223
MinimumVisualStudioVersion = 10.0.40219.1
Project("{9A19103F-16F7-4668-BE54-9A1E7A4F7556}") = "PageByPage", "PageByPage\PageByPage.csproj", "{B214CCF7-FE2B-4F1D-BBD3-72184839D5C5}"
EndProject
Project("{2150E333-8FDC-42A3-9474-1A3956D46DE8}") = "Solution Items", "Solution Items", "{087F0A89-1D20-40EB-9DDE-B81A89C4D187}"
	ProjectSection(SolutionItems) = preProject
		.editorconfig = .editorconfig
	EndProjectSection
EndProject
Global
	GlobalSection(SolutionConfigurationPlatforms) = preSolution
		Debug|Any CPU = Debug|Any CPU
		Debug|x64 = Debug|x64
		Release|Any CPU = Release|Any CPU
		Release|x64 = Release|x64
	EndGlobalSection
	GlobalSection(ProjectConfigurationPlatforms) = postSolution
		{B214CCF7-FE2B-4F1D-BBD3-72184839D5C5}.Debug|Any CPU.ActiveCfg = Debug|Any CPU
		{B214CCF7-FE2B-4F1D-BBD3-72184839D5C5}.Debug|Any CPU.Build.0 = Debug|Any CPU
		{B214CCF7-FE2B-4F1D-BBD3-72184839D5C5}.Debug|x64.ActiveCfg = Debug|x64
		{B214CCF7-FE2B-4F1D-BBD3-72184839D5C5}.Debug|x64.Build.0 = Debug|x64
		{B214CCF7-FE2B-4F1D-BBD3-72184839D5C5}.Release|Any CPU.ActiveCfg = Release|Any CPU
		{B214CCF7-FE2B-4F1D-BBD3-72184839D5C5}.Release|Any CPU.Build.0 = Release|Any CPU
		{B214CCF7-FE2B-4F1D-BBD3-72184839D5C5}.Release|x64.ActiveCfg = Release|x64
		{B214CCF7-FE2B-4F1D-BBD3-72184839D5C5}.Release|x64.Build.0 = Release|x64
	EndGlobalSection
	GlobalSection(SolutionProperties) = preSolution
		HideSolutionNode = FALSE
	EndGlobalSection
	GlobalSection(ExtensibilityGlobals) = postSolution
		SolutionGuid = {2E14741D-B534-4555-9165-2EC3E24A3E3C}
	EndGlobalSection
EndGlobal
